
Microsoft Visual Studio Solution File, Format Version 12.00
# Visual Studio Version 16
VisualStudioVersion = 16.0.30611.23
MinimumVisualStudioVersion = 10.0.40219.1
Project("{8BC9CEB8-8B4A-11D0-8D11-00A0C91BC942}") = "unit_test", "unit_test\unit_test.vcxproj", "{66105D16-24F8-4D55-ADDC-D2D125C3260E}"
EndProject
Global
	GlobalSection(SolutionConfigurationPlatforms) = preSolution
		Debug|x64 = Debug|x64
		Debug|x86 = Debug|x86
		Release|x64 = Release|x64
		Release|x86 = Release|x86
	EndGlobalSection
	GlobalSection(ProjectConfigurationPlatforms) = postSolution
		{66105D16-24F8-4D55-ADDC-D2D125C3260E}.Debug|x64.ActiveCfg = Debug|x64
		{66105D16-24F8-4D55-ADDC-D2D125C3260E}.Debug|x64.Build.0 = Debug|x64
		{66105D16-24F8-4D55-ADDC-D2D125C3260E}.Debug|x86.ActiveCfg = Debug|Win32
		{66105D16-24F8-4D55-ADDC-D2D125C3260E}.Debug|x86.Build.0 = Debug|Win32
		{66105D16-24F8-4D55-ADDC-D2D125C3260E}.Release|x64.ActiveCfg = Release|x64
		{66105D16-24F8-4D55-ADDC-D2D125C3260E}.Release|x64.Build.0 = Release|x64
		{66105D16-24F8-4D55-ADDC-D2D125C3260E}.Release|x86.ActiveCfg = Release|Win32
		{66105D16-24F8-4D55-ADDC-D2D125C3260E}.Release|x86.Build.0 = Release|Win32
	EndGlobalSection
	GlobalSection(SolutionProperties) = preSolution
		HideSolutionNode = FALSE
	EndGlobalSection
	GlobalSection(ExtensibilityGlobals) = postSolution
		SolutionGuid = {EB505CDD-9CB8-4DC6-84FA-2B10FE56449E}
	EndGlobalSection
EndGlobal
